
Microsoft Visual Studio Solution File, Format Version 12.00
# Visual Studio Version 17
VisualStudioVersion = 17.4.33213.308
MinimumVisualStudioVersion = 10.0.40219.1
Project("{FAE04EC0-301F-11D3-BF4B-00C04F79EFBC}") = "OkulYonetimUygulamasiTemel", "OkulYonetimUygulamasiTemel\OkulYonetimUygulamasiTemel.csproj", "{445D9A79-A5FC-41C5-A7E0-BE2419332520}"
EndProject
Global
	GlobalSection(SolutionConfigurationPlatforms) = preSolution
		Debug|Any CPU = Debug|Any CPU
		Release|Any CPU = Release|Any CPU
	EndGlobalSection
	GlobalSection(ProjectConfigurationPlatforms) = postSolution
		{445D9A79-A5FC-41C5-A7E0-BE2419332520}.Debug|Any CPU.ActiveCfg = Debug|Any CPU
		{445D9A79-A5FC-41C5-A7E0-BE2419332520}.Debug|Any CPU.Build.0 = Debug|Any CPU
		{445D9A79-A5FC-41C5-A7E0-BE2419332520}.Release|Any CPU.ActiveCfg = Release|Any CPU
		{445D9A79-A5FC-41C5-A7E0-BE2419332520}.Release|Any CPU.Build.0 = Release|Any CPU
	EndGlobalSection
	GlobalSection(SolutionProperties) = preSolution
		HideSolutionNode = FALSE
	EndGlobalSection
	GlobalSection(ExtensibilityGlobals) = postSolution
		SolutionGuid = {546DC8E5-7FF0-472C-8E87-09A0E296D6C9}
	EndGlobalSection
EndGlobal
